<Solution>
  <Project Path="SendEmailApp/SendEmailApp.csproj" />
  <Project Path="ServiceBusConsoleApp/ServiceBusConsoleApp.csproj" />
  <Project Path="ServiceBusMessageProcessor/ServiceBusMessageProcessor.csproj" />
  <Project Path="ServiceBusMessagesProcessor/ServiceBusMessagesProcessor.csproj" />
  <Project Path="WebApplication1/WebApplication1.csproj" />
</Solution>
